// !$*UTF8*$!
{
	archiveVersion = 1;
	classes = {
	};
	objectVersion = 46;
	objects = {

/* Begin PBXBuildFile section */
		4CA7993F1B5C91DA00A77F5C /* AppDelegate.swift in Sources */ = {isa = PBXBuildFile; fileRef = 4CA7993E1B5C91DA00A77F5C /* AppDelegate.swift */; };
		4CA799411B5C91DA00A77F5C /* RecordSoundsViewController.swift in Sources */ = {isa = PBXBuildFile; fileRef = 4CA799401B5C91DA00A77F5C /* RecordSoundsViewController.swift */; };
		4CA799461B5C91DA00A77F5C /* Images.xcassets in Resources */ = {isa = PBXBuildFile; fileRef = 4CA799451B5C91DA00A77F5C /* Images.xcassets */; };
		4CA799491B5C91DA00A77F5C /* LaunchScreen.xib in Resources */ = {isa = PBXBuildFile; fileRef = 4CA799471B5C91DA00A77F5C /* LaunchScreen.xib */; };
		4CA799551B5C91DA00A77F5C /* PitchPerfectTests.swift in Sources */ = {isa = PBXBuildFile; fileRef = 4CA799541B5C91DA00A77F5C /* PitchPerfectTests.swift */; };
		4CA7995F1B5D500100A77F5C /* PlaySoundsViewController.swift in Sources */ = {isa = PBXBuildFile; fileRef = 4CA7995E1B5D500100A77F5C /* PlaySoundsViewController.swift */; };
		4CA799641B5D913D00A77F5C /* Main.storyboard in Resources */ = {isa = PBXBuildFile; fileRef = 4CA799621B5D913D00A77F5C /* Main.storyboard */; };
		4CA799681B5D9CB600A77F5C /* RecordedAudio.swift in Sources */ = {isa = PBXBuildFile; fileRef = 4CA799671B5D9CB600A77F5C /* RecordedAudio.swift */; };
/* End PBXBuildFile section */

/* Begin PBXContainerItemProxy section */
		4CA7994F1B5C91DA00A77F5C /* PBXContainerItemProxy */ = {
			isa = PBXContainerItemProxy;
			containerPortal = 4CA799311B5C91DA00A77F5C /* Project object */;
			proxyType = 1;
			remoteGlobalIDString = 4CA799381B5C91DA00A77F5C;
			remoteInfo = PitchPerfect;
		};
/* End PBXContainerItemProxy section */

/* Begin PBXFileReference section */
		4CA799391B5C91DA00A77F5C /* PitchPerfect.app */ = {isa = PBXFileReference; explicitFileType = wrapper.application; includeInIndex = 0; path = PitchPerfect.app; sourceTree = BUILT_PRODUCTS_DIR; };
		4CA7993D1B5C91DA00A77F5C /* Info.plist */ = {isa = PBXFileReference; lastKnownFileType = text.plist.xml; path = Info.plist; sourceTree = "<group>"; };
		4CA7993E1B5C91DA00A77F5C /* AppDelegate.swift */ = {isa = PBXFileReference; lastKnownFileType = sourcecode.swift; path = AppDelegate.swift; sourceTree = "<group>"; };
		4CA799401B5C91DA00A77F5C /* RecordSoundsViewController.swift */ = {isa = PBXFileReference; lastKnownFileType = sourcecode.swift; path = RecordSoundsViewController.swift; sourceTree = "<group>"; };
		4CA799451B5C91DA00A77F5C /* Images.xcassets */ = {isa = PBXFileReference; lastKnownFileType = folder.assetcatalog; path = Images.xcassets; sourceTree = "<group>"; };
		4CA799481B5C91DA00A77F5C /* Base */ = {isa = PBXFileReference; lastKnownFileType = file.xib; name = Base; path = Base.lproj/LaunchScreen.xib; sourceTree = "<group>"; };
		4CA7994E1B5C91DA00A77F5C /* PitchPerfectTests.xctest */ = {isa = PBXFileReference; explicitFileType = wrapper.cfbundle; includeInIndex = 0; path = PitchPerfectTests.xctest; sourceTree = BUILT_PRODUCTS_DIR; };
		4CA799531B5C91DA00A77F5C /* Info.plist */ = {isa = PBXFileReference; lastKnownFileType = text.plist.xml; path = Info.plist; sourceTree = "<group>"; };
		4CA799541B5C91DA00A77F5C /* PitchPerfectTests.swift */ = {isa = PBXFileReference; lastKnownFileType = sourcecode.swift; path = PitchPerfectTests.swift; sourceTree = "<group>"; };
		4CA7995E1B5D500100A77F5C /* PlaySoundsViewController.swift */ = {isa = PBXFileReference; fileEncoding = 4; lastKnownFileType = sourcecode.swift; path = PlaySoundsViewController.swift; sourceTree = "<group>"; };
		4CA799631B5D913D00A77F5C /* Base */ = {isa = PBXFileReference; lastKnownFileType = file.storyboard; name = Base; path = Base.lproj/Main.storyboard; sourceTree = "<group>"; };
		4CA799671B5D9CB600A77F5C /* RecordedAudio.swift */ = {isa = PBXFileReference; fileEncoding = 4; lastKnownFileType = sourcecode.swift; path = RecordedAudio.swift; sourceTree = "<group>"; };
/* End PBXFileReference section */

/* Begin PBXFrameworksBuildPhase section */
		4CA799361B5C91DA00A77F5C /* Frameworks */ = {
			isa = PBXFrameworksBuildPhase;
			buildActionMask = 2147483647;
			files = (
			);
			runOnlyForDeploymentPostprocessing = 0;
		};
		4CA7994B1B5C91DA00A77F5C /* Frameworks */ = {
			isa = PBXFrameworksBuildPhase;
			buildActionMask = 2147483647;
			files = (
			);
			runOnlyForDeploymentPostprocessing = 0;
		};
/* End PBXFrameworksBuildPhase section */

/* Begin PBXGroup section */
		4CA799301B5C91DA00A77F5C = {
			isa = PBXGroup;
			children = (
				4CA7993B1B5C91DA00A77F5C /* PitchPerfect */,
				4CA799511B5C91DA00A77F5C /* PitchPerfectTests */,
				4CA7993A1B5C91DA00A77F5C /* Products */,
			);
			sourceTree = "<group>";
		};
		4CA7993A1B5C91DA00A77F5C /* Products */ = {
			isa = PBXGroup;
			children = (
				4CA799391B5C91DA00A77F5C /* PitchPerfect.app */,
				4CA7994E1B5C91DA00A77F5C /* PitchPerfectTests.xctest */,
			);
			name = Products;
			sourceTree = "<group>";
		};
		4CA7993B1B5C91DA00A77F5C /* PitchPerfect */ = {
			isa = PBXGroup;
			children = (
				4CA7993E1B5C91DA00A77F5C /* AppDelegate.swift */,
				4CA799401B5C91DA00A77F5C /* RecordSoundsViewController.swift */,
				4CA799671B5D9CB600A77F5C /* RecordedAudio.swift */,
				4CA7995E1B5D500100A77F5C /* PlaySoundsViewController.swift */,
				4CA799621B5D913D00A77F5C /* Main.storyboard */,
				4CA799451B5C91DA00A77F5C /* Images.xcassets */,
				4CA799471B5C91DA00A77F5C /* LaunchScreen.xib */,
				4CA7993C1B5C91DA00A77F5C /* Supporting Files */,
			);
			path = PitchPerfect;
			sourceTree = "<group>";
		};
		4CA7993C1B5C91DA00A77F5C /* Supporting Files */ = {
			isa = PBXGroup;
			children = (
				4CA7993D1B5C91DA00A77F5C /* Info.plist */,
			);
			name = "Supporting Files";
			sourceTree = "<group>";
		};
		4CA799511B5C91DA00A77F5C /* PitchPerfectTests */ = {
			isa = PBXGroup;
			children = (
				4CA799541B5C91DA00A77F5C /* PitchPerfectTests.swift */,
				4CA799521B5C91DA00A77F5C /* Supporting Files */,
			);
			path = PitchPerfectTests;
			sourceTree = "<group>";
		};
		4CA799521B5C91DA00A77F5C /* Supporting Files */ = {
			isa = PBXGroup;
			children = (
				4CA799531B5C91DA00A77F5C /* Info.plist */,
			);
			name = "Supporting Files";
			sourceTree = "<group>";
		};
/* End PBXGroup section */

/* Begin PBXNativeTarget section */
		4CA799381B5C91DA00A77F5C /* PitchPerfect */ = {
			isa = PBXNativeTarget;
			buildConfigurationList = 4CA799581B5C91DA00A77F5C /* Build configuration list for PBXNativeTarget "PitchPerfect" */;
			buildPhases = (
				4CA799351B5C91DA00A77F5C /* Sources */,
				4CA799361B5C91DA00A77F5C /* Frameworks */,
				4CA799371B5C91DA00A77F5C /* Resources */,
			);
			buildRules = (
			);
			dependencies = (
			);
			name = PitchPerfect;
			productName = PitchPerfect;
			productReference = 4CA799391B5C91DA00A77F5C /* PitchPerfect.app */;
			productType = "com.apple.product-type.application";
		};
		4CA7994D1B5C91DA00A77F5C /* PitchPerfectTests */ = {
			isa = PBXNativeTarget;
			buildConfigurationList = 4CA7995B1B5C91DA00A77F5C /* Build configuration list for PBXNativeTarget "PitchPerfectTests" */;
			buildPhases = (
				4CA7994A1B5C91DA00A77F5C /* Sources */,
				4CA7994B1B5C91DA00A77F5C /* Frameworks */,
				4CA7994C1B5C91DA00A77F5C /* Resources */,
			);
			buildRules = (
			);
			dependencies = (
				4CA799501B5C91DA00A77F5C /* PBXTargetDependency */,
			);
			name = PitchPerfectTests;
			productName = PitchPerfectTests;
			productReference = 4CA7994E1B5C91DA00A77F5C /* PitchPerfectTests.xctest */;
			productType = "com.apple.product-type.bundle.unit-test";
		};
/* End PBXNativeTarget section */

/* Begin PBXProject section */
		4CA799311B5C91DA00A77F5C /* Project object */ = {
			isa = PBXProject;
			attributes = {
				LastUpgradeCheck = 0640;
				ORGANIZATIONNAME = "Travis Gillespie";
				TargetAttributes = {
					4CA799381B5C91DA00A77F5C = {
						CreatedOnToolsVersion = 6.4;
					};
					4CA7994D1B5C91DA00A77F5C = {
						CreatedOnToolsVersion = 6.4;
						TestTargetID = 4CA799381B5C91DA00A77F5C;
					};
				};
			};
			buildConfigurationList = 4CA799341B5C91DA00A77F5C /* Build configuration list for PBXProject "PitchPerfect" */;
			compatibilityVersion = "Xcode 3.2";
			developmentRegion = English;
			hasScannedForEncodings = 0;
			knownRegions = (
				en,
				Base,
			);
			mainGroup = 4CA799301B5C91DA00A77F5C;
			productRefGroup = 4CA7993A1B5C91DA00A77F5C /* Products */;
			projectDirPath = "";
			projectRoot = "";
			targets = (
				4CA799381B5C91DA00A77F5C /* PitchPerfect */,
				4CA7994D1B5C91DA00A77F5C /* PitchPerfectTests */,
			);
		};
/* End PBXProject section */

/* Begin PBXResourcesBuildPhase section */
		4CA799371B5C91DA00A77F5C /* Resources */ = {
			isa = PBXResourcesBuildPhase;
			buildActionMask = 2147483647;
			files = (
				4CA799491B5C91DA00A77F5C /* LaunchScreen.xib in Resources */,
				4CA799461B5C91DA00A77F5C /* Images.xcassets in Resources */,
				4CA799641B5D913D00A77F5C /* Main.storyboard in Resources */,
			);
			runOnlyForDeploymentPostprocessing = 0;
		};
		4CA7994C1B5C91DA00A77F5C /* Resources */ = {
			isa = PBXResourcesBuildPhase;
			buildActionMask = 2147483647;
			files = (
			);
			runOnlyForDeploymentPostprocessing = 0;
		};
/* End PBXResourcesBuildPhase section */

/* Begin PBXSourcesBuildPhase section */
		4CA799351B5C91DA00A77F5C /* Sources */ = {
			isa = PBXSourcesBuildPhase;
			buildActionMask = 2147483647;
			files = (
				4CA799411B5C91DA00A77F5C /* RecordSoundsViewController.swift in Sources */,
				4CA7995F1B5D500100A77F5C /* PlaySoundsViewController.swift in Sources */,
				4CA7993F1B5C91DA00A77F5C /* AppDelegate.swift in Sources */,
				4CA799681B5D9CB600A77F5C /* RecordedAudio.swift in Sources */,
			);
			runOnlyForDeploymentPostprocessing = 0;
		};
		4CA7994A1B5C91DA00A77F5C /* Sources */ = {
			isa = PBXSourcesBuildPhase;
			buildActionMask = 2147483647;
			files = (
				4CA799551B5C91DA00A77F5C /* PitchPerfectTests.swift in Sources */,
			);
			runOnlyForDeploymentPostprocessing = 0;
		};
/* End PBXSourcesBuildPhase section */

/* Begin PBXTargetDependency section */
		4CA799501B5C91DA00A77F5C /* PBXTargetDependency */ = {
			isa = PBXTargetDependency;
			target = 4CA799381B5C91DA00A77F5C /* PitchPerfect */;
			targetProxy = 4CA7994F1B5C91DA00A77F5C /* PBXContainerItemProxy */;
		};
/* End PBXTargetDependency section */

/* Begin PBXVariantGroup section */
		4CA799471B5C91DA00A77F5C /* LaunchScreen.xib */ = {
			isa = PBXVariantGroup;
			children = (
				4CA799481B5C91DA00A77F5C /* Base */,
			);
			name = LaunchScreen.xib;
			sourceTree = "<group>";
		};
		4CA799621B5D913D00A77F5C /* Main.storyboard */ = {
			isa = PBXVariantGroup;
			children = (
				4CA799631B5D913D00A77F5C /* Base */,
			);
			name = Main.storyboard;
			sourceTree = "<group>";
		};
/* End PBXVariantGroup section */

/* Begin XCBuildConfiguration section */
		4CA799561B5C91DA00A77F5C /* Debug */ = {
			isa = XCBuildConfiguration;
			buildSettings = {
				ALWAYS_SEARCH_USER_PATHS = NO;
				CLANG_CXX_LANGUAGE_STANDARD = "gnu++0x";
				CLANG_CXX_LIBRARY = "libc++";
				CLANG_ENABLE_MODULES = YES;
				CLANG_ENABLE_OBJC_ARC = YES;
				CLANG_WARN_BOOL_CONVERSION = YES;
				CLANG_WARN_CONSTANT_CONVERSION = YES;
				CLANG_WARN_DIRECT_OBJC_ISA_USAGE = YES_ERROR;
				CLANG_WARN_EMPTY_BODY = YES;
				CLANG_WARN_ENUM_CONVERSION = YES;
				CLANG_WARN_INT_CONVERSION = YES;
				CLANG_WARN_OBJC_ROOT_CLASS = YES_ERROR;
				CLANG_WARN_UNREACHABLE_CODE = YES;
				CLANG_WARN__DUPLICATE_METHOD_MATCH = YES;
				"CODE_SIGN_IDENTITY[sdk=iphoneos*]" = "iPhone Developer";
				COPY_PHASE_STRIP = NO;
				DEBUG_INFORMATION_FORMAT = "dwarf-with-dsym";
				ENABLE_STRICT_OBJC_MSGSEND = YES;
				GCC_C_LANGUAGE_STANDARD = gnu99;
				GCC_DYNAMIC_NO_PIC = NO;
				GCC_NO_COMMON_BLOCKS = YES;
				GCC_OPTIMIZATION_LEVEL = 0;
				GCC_PREPROCESSOR_DEFINITIONS = (
					"DEBUG=1",
					"$(inherited)",
				);
				GCC_SYMBOLS_PRIVATE_EXTERN = NO;
				GCC_WARN_64_TO_32_BIT_CONVERSION = YES;
				GCC_WARN_ABOUT_RETURN_TYPE = YES_ERROR;
				GCC_WARN_UNDECLARED_SELECTOR = YES;
				GCC_WARN_UNINITIALIZED_AUTOS = YES_AGGRESSIVE;
				GCC_WARN_UNUSED_FUNCTION = YES;
				GCC_WARN_UNUSED_VARIABLE = YES;
				IPHONEOS_DEPLOYMENT_TARGET = 8.4;
				MTL_ENABLE_DEBUG_INFO = YES;
				ONLY_ACTIVE_ARCH = YES;
				SDKROOT = iphoneos;
				SWIFT_OPTIMIZATION_LEVEL = "-Onone";
			};
			name = Debug;
		};
		4CA799571B5C91DA00A77F5C /* Release */ = {
			isa = XCBuildConfiguration;
			buildSettings = {
				ALWAYS_SEARCH_USER_PATHS = NO;
				CLANG_CXX_LANGUAGE_STANDARD = "gnu++0x";
				CLANG_CXX_LIBRARY = "libc++";
				CLANG_ENABLE_MODULES = YES;
				CLANG_ENABLE_OBJC_ARC = YES;
				CLANG_WARN_BOOL_CONVERSION = YES;
				CLANG_WARN_CONSTANT_CONVERSION = YES;
				CLANG_WARN_DIRECT_OBJC_ISA_USAGE = YES_ERROR;
				CLANG_WARN_EMPTY_BODY = YES;
				CLANG_WARN_ENUM_CONVERSION = YES;
				CLANG_WARN_INT_CONVERSION = YES;
				CLANG_WARN_OBJC_ROOT_CLASS = YES_ERROR;
				CLANG_WARN_UNREACHABLE_CODE = YES;
				CLANG_WARN__DUPLICATE_METHOD_MATCH = YES;
				"CODE_SIGN_IDENTITY[sdk=iphoneos*]" = "iPhone Developer";
				COPY_PHASE_STRIP = NO;
				DEBUG_INFORMATION_FORMAT = "dwarf-with-dsym";
				ENABLE_NS_ASSERTIONS = NO;
				ENABLE_STRICT_OBJC_MSGSEND = YES;
				GCC_C_LANGUAGE_STANDARD = gnu99;
				GCC_NO_COMMON_BLOCKS = YES;
				GCC_WARN_64_TO_32_BIT_CONVERSION = YES;
				GCC_WARN_ABOUT_RETURN_TYPE = YES_ERROR;
				GCC_WARN_UNDECLARED_SELECTOR = YES;
				GCC_WARN_UNINITIALIZED_AUTOS = YES_AGGRESSIVE;
				GCC_WARN_UNUSED_FUNCTION = YES;
				GCC_WARN_UNUSED_VARIABLE = YES;
				IPHONEOS_DEPLOYMENT_TARGET = 8.4;
				MTL_ENABLE_DEBUG_INFO = NO;
				SDKROOT = iphoneos;
				VALIDATE_PRODUCT = YES;
			};
			name = Release;
		};
		4CA799591B5C91DA00A77F5C /* Debug */ = {
			isa = XCBuildConfiguration;
			buildSettings = {
				ASSETCATALOG_COMPILER_APPICON_NAME = AppIcon;
				INFOPLIST_FILE = PitchPerfect/Info.plist;
				LD_RUNPATH_SEARCH_PATHS = "$(inherited) @executable_path/Frameworks";
				PRODUCT_NAME = "$(TARGET_NAME)";
			};
			name = Debug;
		};
		4CA7995A1B5C91DA00A77F5C /* Release */ = {
			isa = XCBuildConfiguration;
			buildSettings = {
				ASSETCATALOG_COMPILER_APPICON_NAME = AppIcon;
				INFOPLIST_FILE = PitchPerfect/Info.plist;
				LD_RUNPATH_SEARCH_PATHS = "$(inherited) @executable_path/Frameworks";
				PRODUCT_NAME = "$(TARGET_NAME)";
			};
			name = Release;
		};
		4CA7995C1B5C91DA00A77F5C /* Debug */ = {
			isa = XCBuildConfiguration;
			buildSettings = {
				BUNDLE_LOADER = "$(TEST_HOST)";
				FRAMEWORK_SEARCH_PATHS = (
					"$(SDKROOT)/Developer/Library/Frameworks",
					"$(inherited)",
				);
				GCC_PREPROCESSOR_DEFINITIONS = (
					"DEBUG=1",
					"$(inherited)",
				);
				INFOPLIST_FILE = PitchPerfectTests/Info.plist;
				LD_RUNPATH_SEARCH_PATHS = "$(inherited) @executable_path/Frameworks @loader_path/Frameworks";
				PRODUCT_NAME = "$(TARGET_NAME)";
				TEST_HOST = "$(BUILT_PRODUCTS_DIR)/PitchPerfect.app/PitchPerfect";
			};
			name = Debug;
		};
		4CA7995D1B5C91DA00A77F5C /* Release */ = {
			isa = XCBuildConfiguration;
			buildSettings = {
				BUNDLE_LOADER = "$(TEST_HOST)";
				FRAMEWORK_SEARCH_PATHS = (
					"$(SDKROOT)/Developer/Library/Frameworks",
					"$(inherited)",
				);
				INFOPLIST_FILE = PitchPerfectTests/Info.plist;
				LD_RUNPATH_SEARCH_PATHS = "$(inherited) @executable_path/Frameworks @loader_path/Frameworks";
				PRODUCT_NAME = "$(TARGET_NAME)";
				TEST_HOST = "$(BUILT_PRODUCTS_DIR)/PitchPerfect.app/PitchPerfect";
			};
			name = Release;
		};
/* End XCBuildConfiguration section */

/* Begin XCConfigurationList section */
		4CA799341B5C91DA00A77F5C /* Build configuration list for PBXProject "PitchPerfect" */ = {
			isa = XCConfigurationList;
			buildConfigurations = (
				4CA799561B5C91DA00A77F5C /* Debug */,
				4CA799571B5C91DA00A77F5C /* Release */,
			);
			defaultConfigurationIsVisible = 0;
			defaultConfigurationName = Release;
		};
		4CA799581B5C91DA00A77F5C /* Build configuration list for PBXNativeTarget "PitchPerfect" */ = {
			isa = XCConfigurationList;
			buildConfigurations = (
				4CA799591B5C91DA00A77F5C /* Debug */,
				4CA7995A1B5C91DA00A77F5C /* Release */,
			);
			defaultConfigurationIsVisible = 0;
			defaultConfigurationName = Release;
		};
		4CA7995B1B5C91DA00A77F5C /* Build configuration list for PBXNativeTarget "PitchPerfectTests" */ = {
			isa = XCConfigurationList;
			buildConfigurations = (
				4CA7995C1B5C91DA00A77F5C /* Debug */,
				4CA7995D1B5C91DA00A77F5C /* Release */,
			);
			defaultConfigurationIsVisible = 0;
			defaultConfigurationName = Release;
		};
/* End XCConfigurationList section */
	};
	rootObject = 4CA799311B5C91DA00A77F5C /* Project object */;
}
